<?xml version="1.0" encoding="utf-8"?>
<Project ToolsVersion="4.0" xmlns="http://schemas.microsoft.com/developer/msbuild/2003">
  <ItemGroup>
    <Filter Include="Source Files">
      <UniqueIdentifier>{4FC737F1-C7A5-4376-A066-2A32D752A2FF}</UniqueIdentifier>
      <Extensions>cpp;c;cc;cxx;c++;cppm;ixx;def;odl;idl;hpj;bat;asm;asmx</Extensions>
    </Filter>
    <Filter Include="Header Files">
      <UniqueIdentifier>{93995380-89BD-4b04-88EB-625FBE52EBFB}</UniqueIdentifier>
      <Extensions>h;hh;hpp;hxx;h++;hm;inl;inc;ipp;xsd</Extensions>
    </Filter>
    <Filter Include="Resource Files">
      <UniqueIdentifier>{67DA6AB6-F800-4c08-8B7A-83BB121AAD01}</UniqueIdentifier>
      <Extensions>rc;ico;cur;bmp;dlg;rc2;rct;bin;rgs;gif;jpg;jpeg;jpe;resx;tiff;tif;png;wav;mfcribbon-ms</Extensions>
    </Filter>
  </ItemGroup>
  <ItemGroup>
    <ClCompile Include="medicament.cpp">
      <Filter>Header Files</Filter>
    </ClCompile>
    <ClCompile Include="client.cpp">
      <Filter>Header Files</Filter>
    </ClCompile>
    <ClCompile Include="vanzare.cpp">
      <Filter>Header Files</Filter>
    </ClCompile>
    <ClCompile Include="farmacie.cpp">
      <Filter>Header Files</Filter>
    </ClCompile>
    <ClCompile Include="antibiotic.cpp">
      <Filter>Header Files</Filter>
    </ClCompile>
    <ClCompile Include="probiotic.cpp">
      <Filter>Header Files</Filter>
    </ClCompile>
    <ClCompile Include="analgezic.cpp">
      <Filter>Header Files</Filter>
    </ClCompile>
    <ClCompile Include="sirop.cpp">
      <Filter>Header Files</Filter>
    </ClCompile>
    <ClCompile Include="angajat.cpp">
      <Filter>Header Files</Filter>
    </ClCompile>
    <ClCompile Include="main.cpp">
      <Filter>Header Files</Filter>
    </ClCompile>
    <ClCompile Include="item_vanzare.cpp">
      <Filter>Header Files</Filter>
    </ClCompile>
  </ItemGroup>
  <ItemGroup>
    <ClInclude Include="medicament.h">
      <Filter>Header Files</Filter>
    </ClInclude>
    <ClInclude Include="client.h">
      <Filter>Header Files</Filter>
    </ClInclude>
    <ClInclude Include="vanzare.h">
      <Filter>Header Files</Filter>
    </ClInclude>
    <ClInclude Include="farmacie.h">
      <Filter>Header Files</Filter>
    </ClInclude>
    <ClInclude Include="antibiotic.h">
      <Filter>Header Files</Filter>
    </ClInclude>
    <ClInclude Include="probiotic.h">
      <Filter>Header Files</Filter>
    </ClInclude>
    <ClInclude Include="analgezic.h">
      <Filter>Header Files</Filter>
    </ClInclude>
    <ClInclude Include="sirop.h">
      <Filter>Header Files</Filter>
    </ClInclude>
    <ClInclude Include="angajat.h">
      <Filter>Header Files</Filter>
    </ClInclude>
    <ClInclude Include="vanzabil.h">
      <Filter>Header Files</Filter>
    </ClInclude>
    <ClInclude Include="item_vanzare.h">
      <Filter>Header Files</Filter>
    </ClInclude>
  </ItemGroup>
</Project>